
Microsoft Visual Studio Solution File, Format Version 12.00
# Visual Studio Version 16
VisualStudioVersion = 16.0.31424.327
MinimumVisualStudioVersion = 10.0.40219.1
Project("{9A19103F-16F7-4668-BE54-9A1E7A4F7556}") = "BlogCMP1005", "BlogCMP1005\BlogCMP1005.csproj", "{AE4A04AB-C164-4A56-9A72-EF843785BFDB}"
EndProject
Project("{FAE04EC0-301F-11D3-BF4B-00C04F79EFBC}") = "BlogUnitTestProject", "BlogUnitTestProject\BlogUnitTestProject.csproj", "{848C4C44-7A4E-493D-BD78-F8919E4A1118}"
EndProject
Global
	GlobalSection(SolutionConfigurationPlatforms) = preSolution
		Debug|Any CPU = Debug|Any CPU
		Release|Any CPU = Release|Any CPU
	EndGlobalSection
	GlobalSection(ProjectConfigurationPlatforms) = postSolution
		{AE4A04AB-C164-4A56-9A72-EF843785BFDB}.Debug|Any CPU.ActiveCfg = Debug|Any CPU
		{AE4A04AB-C164-4A56-9A72-EF843785BFDB}.Debug|Any CPU.Build.0 = Debug|Any CPU
		{AE4A04AB-C164-4A56-9A72-EF843785BFDB}.Release|Any CPU.ActiveCfg = Release|Any CPU
		{AE4A04AB-C164-4A56-9A72-EF843785BFDB}.Release|Any CPU.Build.0 = Release|Any CPU
		{848C4C44-7A4E-493D-BD78-F8919E4A1118}.Debug|Any CPU.ActiveCfg = Debug|Any CPU
		{848C4C44-7A4E-493D-BD78-F8919E4A1118}.Debug|Any CPU.Build.0 = Debug|Any CPU
		{848C4C44-7A4E-493D-BD78-F8919E4A1118}.Release|Any CPU.ActiveCfg = Release|Any CPU
		{848C4C44-7A4E-493D-BD78-F8919E4A1118}.Release|Any CPU.Build.0 = Release|Any CPU
	EndGlobalSection
	GlobalSection(SolutionProperties) = preSolution
		HideSolutionNode = FALSE
	EndGlobalSection
	GlobalSection(ExtensibilityGlobals) = postSolution
		SolutionGuid = {B482BAFB-5693-4226-9416-AC180BCCACF3}
	EndGlobalSection
EndGlobal
